
Microsoft Visual Studio Solution File, Format Version 12.00
# Visual Studio Version 17
VisualStudioVersion = 17.6.33829.357
MinimumVisualStudioVersion = 10.0.40219.1
Project("{FAE04EC0-301F-11D3-BF4B-00C04F79EFBC}") = "HouseKeeperHelper_UnitTestingProject", "HouseKeeperHelper_UnitTestingProject\HouseKeeperHelper_UnitTestingProject.csproj", "{268DC0AB-5DB7-4C1C-9DDE-BE0C93BEDC69}"
EndProject
Project("{FAE04EC0-301F-11D3-BF4B-00C04F79EFBC}") = "UnitTestingProject_UnitTests", "UnitTestingProject_UnitTests\UnitTestingProject_UnitTests.csproj", "{5BE0803A-3143-4360-89A2-A3E7F0DB7103}"
EndProject
Global
	GlobalSection(SolutionConfigurationPlatforms) = preSolution
		Debug|Any CPU = Debug|Any CPU
		Release|Any CPU = Release|Any CPU
	EndGlobalSection
	GlobalSection(ProjectConfigurationPlatforms) = postSolution
		{268DC0AB-5DB7-4C1C-9DDE-BE0C93BEDC69}.Debug|Any CPU.ActiveCfg = Debug|Any CPU
		{268DC0AB-5DB7-4C1C-9DDE-BE0C93BEDC69}.Debug|Any CPU.Build.0 = Debug|Any CPU
		{268DC0AB-5DB7-4C1C-9DDE-BE0C93BEDC69}.Release|Any CPU.ActiveCfg = Release|Any CPU
		{268DC0AB-5DB7-4C1C-9DDE-BE0C93BEDC69}.Release|Any CPU.Build.0 = Release|Any CPU
		{5BE0803A-3143-4360-89A2-A3E7F0DB7103}.Debug|Any CPU.ActiveCfg = Debug|Any CPU
		{5BE0803A-3143-4360-89A2-A3E7F0DB7103}.Debug|Any CPU.Build.0 = Debug|Any CPU
		{5BE0803A-3143-4360-89A2-A3E7F0DB7103}.Release|Any CPU.ActiveCfg = Release|Any CPU
		{5BE0803A-3143-4360-89A2-A3E7F0DB7103}.Release|Any CPU.Build.0 = Release|Any CPU
	EndGlobalSection
	GlobalSection(SolutionProperties) = preSolution
		HideSolutionNode = FALSE
	EndGlobalSection
	GlobalSection(ExtensibilityGlobals) = postSolution
		SolutionGuid = {D071ECE6-3731-4BCC-9960-30FE380F8B1E}
	EndGlobalSection
EndGlobal
